
Microsoft Visual Studio Solution File, Format Version 12.00
# Visual Studio Version 17
VisualStudioVersion = 17.13.35931.197
MinimumVisualStudioVersion = 10.0.40219.1
Project("{FAE04EC0-301F-11D3-BF4B-00C04F79EFBC}") = "UrlShortener.Api", "UrlShortener.Api\UrlShortener.Api.csproj", "{E5025634-A7E7-4BE2-AAD0-EA1F2366C698}"
EndProject
Project("{FAE04EC0-301F-11D3-BF4B-00C04F79EFBC}") = "UrlShortener.Core.Tests", "UrlShortener.Core.Tests\UrlShortener.Core.Tests.csproj", "{25FFB215-85FA-4F76-9D9E-2932FF450DD7}"
EndProject
Project("{2150E333-8FDC-42A3-9474-1A3956D46DE8}") = "Tests", "Tests", "{02EA681E-C7D8-13C7-8484-4AC65E1B71E8}"
EndProject
Project("{FAE04EC0-301F-11D3-BF4B-00C04F79EFBC}") = "UrlShortener.Core", "UrlShortener.Core\UrlShortener.Core.csproj", "{2791C2AF-11C2-4987-B402-9DF68EF701F0}"
EndProject
Project("{FAE04EC0-301F-11D3-BF4B-00C04F79EFBC}") = "UrlShortener.Tests", "UrlShortener.Tests\UrlShortener.Tests.csproj", "{891E5AF9-35DF-4284-99E4-273FAD1066B7}"
EndProject
Global
	GlobalSection(SolutionConfigurationPlatforms) = preSolution
		Debug|Any CPU = Debug|Any CPU
		Release|Any CPU = Release|Any CPU
	EndGlobalSection
	GlobalSection(ProjectConfigurationPlatforms) = postSolution
		{E5025634-A7E7-4BE2-AAD0-EA1F2366C698}.Debug|Any CPU.ActiveCfg = Debug|Any CPU
		{E5025634-A7E7-4BE2-AAD0-EA1F2366C698}.Debug|Any CPU.Build.0 = Debug|Any CPU
		{E5025634-A7E7-4BE2-AAD0-EA1F2366C698}.Release|Any CPU.ActiveCfg = Release|Any CPU
		{E5025634-A7E7-4BE2-AAD0-EA1F2366C698}.Release|Any CPU.Build.0 = Release|Any CPU
		{25FFB215-85FA-4F76-9D9E-2932FF450DD7}.Debug|Any CPU.ActiveCfg = Debug|Any CPU
		{25FFB215-85FA-4F76-9D9E-2932FF450DD7}.Debug|Any CPU.Build.0 = Debug|Any CPU
		{25FFB215-85FA-4F76-9D9E-2932FF450DD7}.Release|Any CPU.ActiveCfg = Release|Any CPU
		{25FFB215-85FA-4F76-9D9E-2932FF450DD7}.Release|Any CPU.Build.0 = Release|Any CPU
		{2791C2AF-11C2-4987-B402-9DF68EF701F0}.Debug|Any CPU.ActiveCfg = Debug|Any CPU
		{2791C2AF-11C2-4987-B402-9DF68EF701F0}.Debug|Any CPU.Build.0 = Debug|Any CPU
		{2791C2AF-11C2-4987-B402-9DF68EF701F0}.Release|Any CPU.ActiveCfg = Release|Any CPU
		{2791C2AF-11C2-4987-B402-9DF68EF701F0}.Release|Any CPU.Build.0 = Release|Any CPU
		{891E5AF9-35DF-4284-99E4-273FAD1066B7}.Debug|Any CPU.ActiveCfg = Debug|Any CPU
		{891E5AF9-35DF-4284-99E4-273FAD1066B7}.Debug|Any CPU.Build.0 = Debug|Any CPU
		{891E5AF9-35DF-4284-99E4-273FAD1066B7}.Release|Any CPU.ActiveCfg = Release|Any CPU
		{891E5AF9-35DF-4284-99E4-273FAD1066B7}.Release|Any CPU.Build.0 = Release|Any CPU
	EndGlobalSection
	GlobalSection(SolutionProperties) = preSolution
		HideSolutionNode = FALSE
	EndGlobalSection
	GlobalSection(NestedProjects) = preSolution
		{25FFB215-85FA-4F76-9D9E-2932FF450DD7} = {02EA681E-C7D8-13C7-8484-4AC65E1B71E8}
		{891E5AF9-35DF-4284-99E4-273FAD1066B7} = {02EA681E-C7D8-13C7-8484-4AC65E1B71E8}
	EndGlobalSection
	GlobalSection(ExtensibilityGlobals) = postSolution
		SolutionGuid = {5E8228F1-7E2B-4C8B-A7B5-08F5B1486C7B}
	EndGlobalSection
EndGlobal
